# This file was autogenerated by Stack.
# You should not edit this file by hand.
# For more information, please see the documentation at:
#   https://docs.haskellstack.org/en/stable/lock_files

packages:
- completed:
    hackage: org-mode-2.1.0@sha256:984a08d2cebcfebfb4e858d27abb2eec7d6797cd005af7bcfa0d84ed465333ce,1452
    pantry-tree:
      sha256: 69b22d684156abece81387c5e7f46a5ad7938b2c7c5d5ffa5dbddf50428a4aa5
      size: 428
  original:
    hackage: org-mode-2.1.0@sha256:984a08d2cebcfebfb4e858d27abb2eec7d6797cd005af7bcfa0d84ed465333ce,1452
snapshots:
- completed:
    sha256: 1b4c2669e26fa828451830ed4725e4d406acc25a1fa24fcc039465dd13d7a575
    size: 714100
    url: https://raw.githubusercontent.com/commercialhaskell/stackage-snapshots/master/lts/22/6.yaml
  original: lts-22.6
